
Microsoft Visual Studio Solution File, Format Version 12.00
# Visual Studio 15
VisualStudioVersion = 15.0.26430.14
MinimumVisualStudioVersion = 10.0.40219.1
Project("{FAE04EC0-301F-11D3-BF4B-00C04F79EFBC}") = "LearnWord", "LearnWord\LearnWord.csproj", "{69F7EB94-8C90-4EDE-A0F4-9E38ACA2F572}"
EndProject
Global
	GlobalSection(SolutionConfigurationPlatforms) = preSolution
		Debug|Any CPU = Debug|Any CPU
		Release|Any CPU = Release|Any CPU
	EndGlobalSection
	GlobalSection(ProjectConfigurationPlatforms) = postSolution
		{69F7EB94-8C90-4EDE-A0F4-9E38ACA2F572}.Debug|Any CPU.ActiveCfg = Debug|Any CPU
		{69F7EB94-8C90-4EDE-A0F4-9E38ACA2F572}.Debug|Any CPU.Build.0 = Debug|Any CPU
		{69F7EB94-8C90-4EDE-A0F4-9E38ACA2F572}.Release|Any CPU.ActiveCfg = Release|Any CPU
		{69F7EB94-8C90-4EDE-A0F4-9E38ACA2F572}.Release|Any CPU.Build.0 = Release|Any CPU
	EndGlobalSection
	GlobalSection(SolutionProperties) = preSolution
		HideSolutionNode = FALSE
	EndGlobalSection
EndGlobal
